
Microsoft Visual Studio Solution File, Format Version 12.00
# Visual Studio Version 17
VisualStudioVersion = 17.10.35004.147
MinimumVisualStudioVersion = 10.0.40219.1
Project("{FAE04EC0-301F-11D3-BF4B-00C04F79EFBC}") = "Server.API", "Server.API\Server.API.csproj", "{6E164DBB-37A8-4362-8FBE-5A9538F580E2}"
EndProject
Project("{FAE04EC0-301F-11D3-BF4B-00C04F79EFBC}") = "Server.Domain", "..\Server.Domain\Server.Domain.csproj", "{D8FD388B-F69C-4480-A358-E6C771F8338A}"
EndProject
Project("{FAE04EC0-301F-11D3-BF4B-00C04F79EFBC}") = "Server.Application", "..\Server.Application\Server.Application.csproj", "{0B2F1917-497C-426E-A4C2-AB9960C372B5}"
EndProject
Project("{FAE04EC0-301F-11D3-BF4B-00C04F79EFBC}") = "Server.Infrastructure", "..\Server.Infrastructure\Server.Infrastructure.csproj", "{576EB9CF-002B-442C-B3EF-63446333484F}"
EndProject
Global
	GlobalSection(SolutionConfigurationPlatforms) = preSolution
		Debug|Any CPU = Debug|Any CPU
		Release|Any CPU = Release|Any CPU
	EndGlobalSection
	GlobalSection(ProjectConfigurationPlatforms) = postSolution
		{6E164DBB-37A8-4362-8FBE-5A9538F580E2}.Debug|Any CPU.ActiveCfg = Debug|Any CPU
		{6E164DBB-37A8-4362-8FBE-5A9538F580E2}.Debug|Any CPU.Build.0 = Debug|Any CPU
		{6E164DBB-37A8-4362-8FBE-5A9538F580E2}.Release|Any CPU.ActiveCfg = Release|Any CPU
		{6E164DBB-37A8-4362-8FBE-5A9538F580E2}.Release|Any CPU.Build.0 = Release|Any CPU
		{D8FD388B-F69C-4480-A358-E6C771F8338A}.Debug|Any CPU.ActiveCfg = Debug|Any CPU
		{D8FD388B-F69C-4480-A358-E6C771F8338A}.Debug|Any CPU.Build.0 = Debug|Any CPU
		{D8FD388B-F69C-4480-A358-E6C771F8338A}.Release|Any CPU.ActiveCfg = Release|Any CPU
		{D8FD388B-F69C-4480-A358-E6C771F8338A}.Release|Any CPU.Build.0 = Release|Any CPU
		{0B2F1917-497C-426E-A4C2-AB9960C372B5}.Debug|Any CPU.ActiveCfg = Debug|Any CPU
		{0B2F1917-497C-426E-A4C2-AB9960C372B5}.Debug|Any CPU.Build.0 = Debug|Any CPU
		{0B2F1917-497C-426E-A4C2-AB9960C372B5}.Release|Any CPU.ActiveCfg = Release|Any CPU
		{0B2F1917-497C-426E-A4C2-AB9960C372B5}.Release|Any CPU.Build.0 = Release|Any CPU
		{576EB9CF-002B-442C-B3EF-63446333484F}.Debug|Any CPU.ActiveCfg = Debug|Any CPU
		{576EB9CF-002B-442C-B3EF-63446333484F}.Debug|Any CPU.Build.0 = Debug|Any CPU
		{576EB9CF-002B-442C-B3EF-63446333484F}.Release|Any CPU.ActiveCfg = Release|Any CPU
		{576EB9CF-002B-442C-B3EF-63446333484F}.Release|Any CPU.Build.0 = Release|Any CPU
	EndGlobalSection
	GlobalSection(SolutionProperties) = preSolution
		HideSolutionNode = FALSE
	EndGlobalSection
	GlobalSection(ExtensibilityGlobals) = postSolution
		SolutionGuid = {C64F0FE9-1C96-484E-96D8-3031AA6A6257}
	EndGlobalSection
EndGlobal
